{
    "version": 3,
    "terraform_version": "0.11.14",
    "serial": 28,
    "lineage": "3462d42d-3a44-390f-fefa-8d1da357d313",
    "modules": [
        {
            "path": [
                "root"
            ],
            "outputs": {
                "container_name": {
                    "sensitive": false,
                    "type": "string",
                    "value": "nginx"
                },
                "ip_address": {
                    "sensitive": false,
                    "type": "string",
                    "value": "172.17.0.2"
                }
            },
            "resources": {
                "docker_container.container": {
                    "type": "docker_container",
                    "depends_on": [
                        "docker_image.image"
                    ],
                    "primary": {
                        "id": "8a1d7691f840031e366022d6457149798aa7e9a4eadd722f58868fd32413d93a",
                        "attributes": {
                            "attach": "false",
                            "bridge": "",
                            "command.#": "3",
                            "command.0": "nginx",
                            "command.1": "-g",
                            "command.2": "daemon off;",
                            "cpu_set": "",
                            "cpu_shares": "0",
                            "devices.#": "0",
                            "dns.#": "0",
                            "dns_opts.#": "0",
                            "dns_search.#": "0",
                            "domainname": "",
                            "entrypoint.#": "1",
                            "entrypoint.0": "/docker-entrypoint.sh",
                            "gateway": "172.17.0.1",
                            "group_add.#": "0",
                            "host.#": "0",
                            "hostname": "8a1d7691f840",
                            "id": "8a1d7691f840031e366022d6457149798aa7e9a4eadd722f58868fd32413d93a",
                            "image": "sha256:f6d0b4767a6c466c178bf718f99bea0d3742b26679081e52dbf8e0c7c4c42d74",
                            "ip_address": "172.17.0.2",
                            "ip_prefix_length": "16",
                            "ipc_mode": "",
                            "links.#": "0",
                            "log_driver": "journald",
                            "log_opts.%": "0",
                            "logs": "false",
                            "max_retry_count": "0",
                            "memory": "0",
                            "memory_swap": "0",
                            "mounts.#": "0",
                            "must_run": "true",
                            "name": "nginx",
                            "network_data.#": "1",
                            "network_data.0.gateway": "172.17.0.1",
                            "network_data.0.ip_address": "172.17.0.2",
                            "network_data.0.ip_prefix_length": "16",
                            "network_data.0.network_name": "bridge",
                            "network_mode": "default",
                            "pid_mode": "",
                            "ports.#": "1",
                            "ports.0.external": "9090",
                            "ports.0.internal": "80",
                            "ports.0.ip": "0.0.0.0",
                            "ports.0.protocol": "tcp",
                            "privileged": "false",
                            "publish_all_ports": "false",
                            "read_only": "false",
                            "restart": "no",
                            "rm": "false",
                            "shm_size": "64",
                            "start": "true",
                            "sysctls.%": "0",
                            "tmpfs.%": "0",
                            "ulimit.#": "0",
                            "user": "",
                            "userns_mode": "",
                            "working_dir": ""
                        },
                        "meta": {
                            "schema_version": "2"
                        },
                        "tainted": false
                    },
                    "deposed": [],
                    "provider": "provider.docker"
                },
                "docker_image.image": {
                    "type": "docker_image",
                    "depends_on": [],
                    "primary": {
                        "id": "sha256:f6d0b4767a6c466c178bf718f99bea0d3742b26679081e52dbf8e0c7c4c42d74docker.io/nginx:latest",
                        "attributes": {
                            "id": "sha256:f6d0b4767a6c466c178bf718f99bea0d3742b26679081e52dbf8e0c7c4c42d74docker.io/nginx:latest",
                            "latest": "sha256:f6d0b4767a6c466c178bf718f99bea0d3742b26679081e52dbf8e0c7c4c42d74",
                            "name": "docker.io/nginx:latest"
                        },
                        "meta": {},
                        "tainted": false
                    },
                    "deposed": [],
                    "provider": "provider.docker"
                }
            },
            "depends_on": []
        }
    ]
}
